
Microsoft Visual Studio Solution File, Format Version 12.00
# Visual Studio Version 16
VisualStudioVersion = 16.0.31624.102
MinimumVisualStudioVersion = 10.0.40219.1
Project("{FAE04EC0-301F-11D3-BF4B-00C04F79EFBC}") = "NotiOfima.Visualizador", "NotiOfima.Visualizador\NotiOfima.Visualizador.csproj", "{4B9B9622-17E4-454F-BD2C-E3F57678D188}"
	ProjectSection(ProjectDependencies) = postProject
		{86091E55-4F73-4BE2-85A4-F569984E720C} = {86091E55-4F73-4BE2-85A4-F569984E720C}
	EndProjectSection
EndProject
Project("{FAE04EC0-301F-11D3-BF4B-00C04F79EFBC}") = "NotiOfima.WebService", "NotiOfima.WebService\NotiOfima.WebService.csproj", "{86091E55-4F73-4BE2-85A4-F569984E720C}"
EndProject
Project("{FAE04EC0-301F-11D3-BF4B-00C04F79EFBC}") = "NotiOfima.Entidades", "NotiOfima.Entidades\NotiOfima.Entidades.csproj", "{4F3E4EC5-60F4-4393-A3A9-BD8553E439BE}"
EndProject
Project("{FAE04EC0-301F-11D3-BF4B-00C04F79EFBC}") = "Ofima.Pildoras.Administrador", "Ofima.Pildoras.Administrador\Ofima.Pildoras.Administrador.csproj", "{8769294C-B47F-4B18-9557-7736734565A1}"
EndProject
Project("{FAE04EC0-301F-11D3-BF4B-00C04F79EFBC}") = "Ofima.Pildoras.VisorERP", "Ofima.Pildoras.VisorERP\Ofima.Pildoras.VisorERP.csproj", "{C4829228-537C-4471-9278-C2C5CD5B31A5}"
EndProject
Global
	GlobalSection(SolutionConfigurationPlatforms) = preSolution
		Debug|Any CPU = Debug|Any CPU
		Release|Any CPU = Release|Any CPU
	EndGlobalSection
	GlobalSection(ProjectConfigurationPlatforms) = postSolution
		{4B9B9622-17E4-454F-BD2C-E3F57678D188}.Debug|Any CPU.ActiveCfg = Debug|Any CPU
		{4B9B9622-17E4-454F-BD2C-E3F57678D188}.Debug|Any CPU.Build.0 = Debug|Any CPU
		{4B9B9622-17E4-454F-BD2C-E3F57678D188}.Release|Any CPU.ActiveCfg = Release|Any CPU
		{4B9B9622-17E4-454F-BD2C-E3F57678D188}.Release|Any CPU.Build.0 = Release|Any CPU
		{86091E55-4F73-4BE2-85A4-F569984E720C}.Debug|Any CPU.ActiveCfg = Debug|Any CPU
		{86091E55-4F73-4BE2-85A4-F569984E720C}.Debug|Any CPU.Build.0 = Debug|Any CPU
		{86091E55-4F73-4BE2-85A4-F569984E720C}.Release|Any CPU.ActiveCfg = Release|Any CPU
		{86091E55-4F73-4BE2-85A4-F569984E720C}.Release|Any CPU.Build.0 = Release|Any CPU
		{4F3E4EC5-60F4-4393-A3A9-BD8553E439BE}.Debug|Any CPU.ActiveCfg = Debug|Any CPU
		{4F3E4EC5-60F4-4393-A3A9-BD8553E439BE}.Debug|Any CPU.Build.0 = Debug|Any CPU
		{4F3E4EC5-60F4-4393-A3A9-BD8553E439BE}.Release|Any CPU.ActiveCfg = Release|Any CPU
		{4F3E4EC5-60F4-4393-A3A9-BD8553E439BE}.Release|Any CPU.Build.0 = Release|Any CPU
		{8769294C-B47F-4B18-9557-7736734565A1}.Debug|Any CPU.ActiveCfg = Debug|Any CPU
		{8769294C-B47F-4B18-9557-7736734565A1}.Debug|Any CPU.Build.0 = Debug|Any CPU
		{8769294C-B47F-4B18-9557-7736734565A1}.Release|Any CPU.ActiveCfg = Release|Any CPU
		{8769294C-B47F-4B18-9557-7736734565A1}.Release|Any CPU.Build.0 = Release|Any CPU
		{C4829228-537C-4471-9278-C2C5CD5B31A5}.Debug|Any CPU.ActiveCfg = Debug|Any CPU
		{C4829228-537C-4471-9278-C2C5CD5B31A5}.Debug|Any CPU.Build.0 = Debug|Any CPU
		{C4829228-537C-4471-9278-C2C5CD5B31A5}.Release|Any CPU.ActiveCfg = Release|Any CPU
		{C4829228-537C-4471-9278-C2C5CD5B31A5}.Release|Any CPU.Build.0 = Release|Any CPU
	EndGlobalSection
	GlobalSection(SolutionProperties) = preSolution
		HideSolutionNode = FALSE
	EndGlobalSection
	GlobalSection(ExtensibilityGlobals) = postSolution
		SolutionGuid = {F2CFC125-D668-4634-A55F-57B43353AB2D}
	EndGlobalSection
EndGlobal
